
Microsoft Visual Studio Solution File, Format Version 12.00
# Visual Studio Version 17
VisualStudioVersion = 17.5.33627.172
MinimumVisualStudioVersion = 10.0.40219.1
Project("{FAE04EC0-301F-11D3-BF4B-00C04F79EFBC}") = "lc_container_with_most_water", "lc_container_with_most_water\lc_container_with_most_water.csproj", "{749E844E-3132-4CEB-B0C5-92B97F3E6299}"
EndProject
Global
	GlobalSection(SolutionConfigurationPlatforms) = preSolution
		Debug|Any CPU = Debug|Any CPU
		Release|Any CPU = Release|Any CPU
	EndGlobalSection
	GlobalSection(ProjectConfigurationPlatforms) = postSolution
		{749E844E-3132-4CEB-B0C5-92B97F3E6299}.Debug|Any CPU.ActiveCfg = Debug|Any CPU
		{749E844E-3132-4CEB-B0C5-92B97F3E6299}.Debug|Any CPU.Build.0 = Debug|Any CPU
		{749E844E-3132-4CEB-B0C5-92B97F3E6299}.Release|Any CPU.ActiveCfg = Release|Any CPU
		{749E844E-3132-4CEB-B0C5-92B97F3E6299}.Release|Any CPU.Build.0 = Release|Any CPU
	EndGlobalSection
	GlobalSection(SolutionProperties) = preSolution
		HideSolutionNode = FALSE
	EndGlobalSection
	GlobalSection(ExtensibilityGlobals) = postSolution
		SolutionGuid = {31E659EB-780D-489E-AC59-544E40D75687}
	EndGlobalSection
EndGlobal
